
Microsoft Visual Studio Solution File, Format Version 12.00
# Visual Studio Version 17
VisualStudioVersion = 17.10.34928.147
MinimumVisualStudioVersion = 10.0.40219.1
Project("{FAE04EC0-301F-11D3-BF4B-00C04F79EFBC}") = "Role_Based_Auth_App", "Role_Based_Auth_App\Role_Based_Auth_App.csproj", "{2D8410B6-F6A1-4F62-812D-F4167D82E59C}"
EndProject
Global
	GlobalSection(SolutionConfigurationPlatforms) = preSolution
		Debug|Any CPU = Debug|Any CPU
		Release|Any CPU = Release|Any CPU
	EndGlobalSection
	GlobalSection(ProjectConfigurationPlatforms) = postSolution
		{2D8410B6-F6A1-4F62-812D-F4167D82E59C}.Debug|Any CPU.ActiveCfg = Debug|Any CPU
		{2D8410B6-F6A1-4F62-812D-F4167D82E59C}.Debug|Any CPU.Build.0 = Debug|Any CPU
		{2D8410B6-F6A1-4F62-812D-F4167D82E59C}.Release|Any CPU.ActiveCfg = Release|Any CPU
		{2D8410B6-F6A1-4F62-812D-F4167D82E59C}.Release|Any CPU.Build.0 = Release|Any CPU
	EndGlobalSection
	GlobalSection(SolutionProperties) = preSolution
		HideSolutionNode = FALSE
	EndGlobalSection
	GlobalSection(ExtensibilityGlobals) = postSolution
		SolutionGuid = {63EEDC26-3D82-4EB2-865E-21860FDA4FEE}
	EndGlobalSection
EndGlobal
